
Microsoft Visual Studio Solution File, Format Version 12.00
# Visual Studio Version 17
VisualStudioVersion = 17.4.33110.190
MinimumVisualStudioVersion = 10.0.40219.1
Project("{9A19103F-16F7-4668-BE54-9A1E7A4F7556}") = "ColoboTree", "ColoboTree\ColoboTree.csproj", "{180B7B98-D1A9-45E5-9643-58986D0EDFAF}"
EndProject
Project("{E53339B2-1760-4266-BCC7-CA923CBCF16C}") = "docker-compose", "docker-compose.dcproj", "{2A621D94-50B7-4798-A82E-ECB82E2CFFF8}"
EndProject
Global
	GlobalSection(SolutionConfigurationPlatforms) = preSolution
		Debug|Any CPU = Debug|Any CPU
		Release|Any CPU = Release|Any CPU
	EndGlobalSection
	GlobalSection(ProjectConfigurationPlatforms) = postSolution
		{180B7B98-D1A9-45E5-9643-58986D0EDFAF}.Debug|Any CPU.ActiveCfg = Debug|Any CPU
		{180B7B98-D1A9-45E5-9643-58986D0EDFAF}.Debug|Any CPU.Build.0 = Debug|Any CPU
		{180B7B98-D1A9-45E5-9643-58986D0EDFAF}.Release|Any CPU.ActiveCfg = Release|Any CPU
		{180B7B98-D1A9-45E5-9643-58986D0EDFAF}.Release|Any CPU.Build.0 = Release|Any CPU
		{2A621D94-50B7-4798-A82E-ECB82E2CFFF8}.Debug|Any CPU.ActiveCfg = Debug|Any CPU
		{2A621D94-50B7-4798-A82E-ECB82E2CFFF8}.Debug|Any CPU.Build.0 = Debug|Any CPU
		{2A621D94-50B7-4798-A82E-ECB82E2CFFF8}.Release|Any CPU.ActiveCfg = Release|Any CPU
		{2A621D94-50B7-4798-A82E-ECB82E2CFFF8}.Release|Any CPU.Build.0 = Release|Any CPU
	EndGlobalSection
	GlobalSection(SolutionProperties) = preSolution
		HideSolutionNode = FALSE
	EndGlobalSection
	GlobalSection(ExtensibilityGlobals) = postSolution
		SolutionGuid = {322012D3-C57A-4182-ABBE-509A9BB16024}
	EndGlobalSection
EndGlobal
